
Microsoft Visual Studio Solution File, Format Version 12.00
# Visual Studio 15
VisualStudioVersion = 15.0.26730.10
MinimumVisualStudioVersion = 10.0.40219.1
Project("{2150E333-8FDC-42A3-9474-1A3956D46DE8}") = "src", "src", "{FB5AAE70-8943-448C-83DC-138D926AAE94}"
EndProject
Project("{2150E333-8FDC-42A3-9474-1A3956D46DE8}") = "Solution Items", "Solution Items", "{93A94DD0-1486-4F55-A40B-CA61197D4EFD}"
	ProjectSection(SolutionItems) = preProject
		example.sdmap = example.sdmap
		global.json = global.json
		..\README.md = ..\README.md
		..\ReleaseNotes.md = ..\ReleaseNotes.md
	EndProjectSection
EndProject
Project("{2150E333-8FDC-42A3-9474-1A3956D46DE8}") = "test", "test", "{37A082F1-8179-4EEA-93D8-1C282B5AC65A}"
EndProject
Project("{9A19103F-16F7-4668-BE54-9A1E7A4F7556}") = "FlySql.Extensions", "src\sdmap.ext\FlySql.Extensions.csproj", "{A31BB69A-7FD4-4FE5-BF3F-949DED67EB6A}"
EndProject
Project("{FAE04EC0-301F-11D3-BF4B-00C04F79EFBC}") = "sdmap.vstool", "src\sdmap.vstool\sdmap.vstool.csproj", "{13776823-ACE7-4138-9A72-8E3C6AEBD7FB}"
EndProject
Project("{9A19103F-16F7-4668-BE54-9A1E7A4F7556}") = "FlySql.Extensions.Test", "test\sdmap.ext.test\FlySql.Extensions.Test.csproj", "{F4673720-6FED-4297-A987-BA8A7135F641}"
EndProject
Project("{9A19103F-16F7-4668-BE54-9A1E7A4F7556}") = "FlySql.UnitTest", "test\sdmap.unittest\FlySql.UnitTest.csproj", "{7FA299A4-0360-45F4-9349-CCC7C8456241}"
EndProject
Project("{9A19103F-16F7-4668-BE54-9A1E7A4F7556}") = "FlySql.Test", "test\sdmap.test\FlySql.Test.csproj", "{D6A5E85D-31B1-4D42-BDD6-B5D1E77FC899}"
EndProject
Project("{9A19103F-16F7-4668-BE54-9A1E7A4F7556}") = "FlySql", "src\sdmap\FlySql.csproj", "{9829A2C4-2B7B-4096-81E6-5A04AC457880}"
EndProject
Global
	GlobalSection(SolutionConfigurationPlatforms) = preSolution
		Debug|Any CPU = Debug|Any CPU
		Release|Any CPU = Release|Any CPU
	EndGlobalSection
	GlobalSection(ProjectConfigurationPlatforms) = postSolution
		{A31BB69A-7FD4-4FE5-BF3F-949DED67EB6A}.Debug|Any CPU.ActiveCfg = Debug|Any CPU
		{A31BB69A-7FD4-4FE5-BF3F-949DED67EB6A}.Debug|Any CPU.Build.0 = Debug|Any CPU
		{A31BB69A-7FD4-4FE5-BF3F-949DED67EB6A}.Release|Any CPU.ActiveCfg = Release|Any CPU
		{A31BB69A-7FD4-4FE5-BF3F-949DED67EB6A}.Release|Any CPU.Build.0 = Release|Any CPU
		{13776823-ACE7-4138-9A72-8E3C6AEBD7FB}.Debug|Any CPU.ActiveCfg = Debug|Any CPU
		{13776823-ACE7-4138-9A72-8E3C6AEBD7FB}.Debug|Any CPU.Build.0 = Debug|Any CPU
		{13776823-ACE7-4138-9A72-8E3C6AEBD7FB}.Release|Any CPU.ActiveCfg = Release|Any CPU
		{13776823-ACE7-4138-9A72-8E3C6AEBD7FB}.Release|Any CPU.Build.0 = Release|Any CPU
		{F4673720-6FED-4297-A987-BA8A7135F641}.Debug|Any CPU.ActiveCfg = Debug|Any CPU
		{F4673720-6FED-4297-A987-BA8A7135F641}.Debug|Any CPU.Build.0 = Debug|Any CPU
		{F4673720-6FED-4297-A987-BA8A7135F641}.Release|Any CPU.ActiveCfg = Release|Any CPU
		{F4673720-6FED-4297-A987-BA8A7135F641}.Release|Any CPU.Build.0 = Release|Any CPU
		{7FA299A4-0360-45F4-9349-CCC7C8456241}.Debug|Any CPU.ActiveCfg = Debug|Any CPU
		{7FA299A4-0360-45F4-9349-CCC7C8456241}.Debug|Any CPU.Build.0 = Debug|Any CPU
		{7FA299A4-0360-45F4-9349-CCC7C8456241}.Release|Any CPU.ActiveCfg = Release|Any CPU
		{7FA299A4-0360-45F4-9349-CCC7C8456241}.Release|Any CPU.Build.0 = Release|Any CPU
		{D6A5E85D-31B1-4D42-BDD6-B5D1E77FC899}.Debug|Any CPU.ActiveCfg = Debug|Any CPU
		{D6A5E85D-31B1-4D42-BDD6-B5D1E77FC899}.Debug|Any CPU.Build.0 = Debug|Any CPU
		{D6A5E85D-31B1-4D42-BDD6-B5D1E77FC899}.Release|Any CPU.ActiveCfg = Release|Any CPU
		{D6A5E85D-31B1-4D42-BDD6-B5D1E77FC899}.Release|Any CPU.Build.0 = Release|Any CPU
		{9829A2C4-2B7B-4096-81E6-5A04AC457880}.Debug|Any CPU.ActiveCfg = Debug|Any CPU
		{9829A2C4-2B7B-4096-81E6-5A04AC457880}.Debug|Any CPU.Build.0 = Debug|Any CPU
		{9829A2C4-2B7B-4096-81E6-5A04AC457880}.Release|Any CPU.ActiveCfg = Release|Any CPU
		{9829A2C4-2B7B-4096-81E6-5A04AC457880}.Release|Any CPU.Build.0 = Release|Any CPU
	EndGlobalSection
	GlobalSection(SolutionProperties) = preSolution
		HideSolutionNode = FALSE
	EndGlobalSection
	GlobalSection(NestedProjects) = preSolution
		{A31BB69A-7FD4-4FE5-BF3F-949DED67EB6A} = {FB5AAE70-8943-448C-83DC-138D926AAE94}
		{13776823-ACE7-4138-9A72-8E3C6AEBD7FB} = {FB5AAE70-8943-448C-83DC-138D926AAE94}
		{F4673720-6FED-4297-A987-BA8A7135F641} = {37A082F1-8179-4EEA-93D8-1C282B5AC65A}
		{7FA299A4-0360-45F4-9349-CCC7C8456241} = {37A082F1-8179-4EEA-93D8-1C282B5AC65A}
		{D6A5E85D-31B1-4D42-BDD6-B5D1E77FC899} = {37A082F1-8179-4EEA-93D8-1C282B5AC65A}
		{9829A2C4-2B7B-4096-81E6-5A04AC457880} = {FB5AAE70-8943-448C-83DC-138D926AAE94}
	EndGlobalSection
	GlobalSection(ExtensibilityGlobals) = postSolution
		SolutionGuid = {346F9DC7-F957-409C-BC7F-034FEAB0E364}
	EndGlobalSection
EndGlobal
